
Microsoft Visual Studio Solution File, Format Version 12.00
# Visual Studio 14
VisualStudioVersion = 14.0.23107.0
MinimumVisualStudioVersion = 10.0.40219.1
Project("{2150E333-8FDC-42A3-9474-1A3956D46DE8}") = "src", "src", "{F8D831F0-7F9D-46CB-8F3A-72397A33BBC1}"
EndProject
Project("{2150E333-8FDC-42A3-9474-1A3956D46DE8}") = "Solution Items", "Solution Items", "{585C6FB8-F9B8-4732-B5BE-384D2BDFA1F1}"
	ProjectSection(SolutionItems) = preProject
		global.json = global.json
		NuGet.Config = NuGet.Config
	EndProjectSection
EndProject
Project("{8BB2217D-0F2D-49D1-97BC-3654ED321F3B}") = "dotnetCloudantWebstarter", "src\dotnetCloudantWebstarter\dotnetCloudantWebstarter.xproj", "{2FA5003E-9535-4D69-893F-306D56D3DC2B}"
EndProject
Global
	GlobalSection(SolutionConfigurationPlatforms) = preSolution
		Debug|Any CPU = Debug|Any CPU
		Release|Any CPU = Release|Any CPU
	EndGlobalSection
	GlobalSection(ProjectConfigurationPlatforms) = postSolution
		{2FA5003E-9535-4D69-893F-306D56D3DC2B}.Debug|Any CPU.ActiveCfg = Debug|Any CPU
		{2FA5003E-9535-4D69-893F-306D56D3DC2B}.Debug|Any CPU.Build.0 = Debug|Any CPU
		{2FA5003E-9535-4D69-893F-306D56D3DC2B}.Release|Any CPU.ActiveCfg = Release|Any CPU
		{2FA5003E-9535-4D69-893F-306D56D3DC2B}.Release|Any CPU.Build.0 = Release|Any CPU
	EndGlobalSection
	GlobalSection(SolutionProperties) = preSolution
		HideSolutionNode = FALSE
	EndGlobalSection
	GlobalSection(NestedProjects) = preSolution
		{2FA5003E-9535-4D69-893F-306D56D3DC2B} = {F8D831F0-7F9D-46CB-8F3A-72397A33BBC1}
	EndGlobalSection
EndGlobal
